
Microsoft Visual Studio Solution File, Format Version 12.00
# Visual Studio Version 16
VisualStudioVersion = 16.0.30503.244
MinimumVisualStudioVersion = 10.0.40219.1
Project("{FAE04EC0-301F-11D3-BF4B-00C04F79EFBC}") = "Speech_Recognition_AI", "Speech_Recognition_AI\Speech_Recognition_AI.csproj", "{6BB11C35-35DD-4147-B4C4-5BD165252016}"
EndProject
Global
	GlobalSection(SolutionConfigurationPlatforms) = preSolution
		Debug|Any CPU = Debug|Any CPU
		Release|Any CPU = Release|Any CPU
	EndGlobalSection
	GlobalSection(ProjectConfigurationPlatforms) = postSolution
		{6BB11C35-35DD-4147-B4C4-5BD165252016}.Debug|Any CPU.ActiveCfg = Debug|Any CPU
		{6BB11C35-35DD-4147-B4C4-5BD165252016}.Debug|Any CPU.Build.0 = Debug|Any CPU
		{6BB11C35-35DD-4147-B4C4-5BD165252016}.Release|Any CPU.ActiveCfg = Release|Any CPU
		{6BB11C35-35DD-4147-B4C4-5BD165252016}.Release|Any CPU.Build.0 = Release|Any CPU
	EndGlobalSection
	GlobalSection(SolutionProperties) = preSolution
		HideSolutionNode = FALSE
	EndGlobalSection
	GlobalSection(ExtensibilityGlobals) = postSolution
		SolutionGuid = {3AD2084B-DC32-410E-9F3D-CCC8F7C38399}
	EndGlobalSection
EndGlobal
